
Microsoft Visual Studio Solution File, Format Version 12.00
# Visual Studio 14
VisualStudioVersion = 14.0.25123.0
MinimumVisualStudioVersion = 10.0.40219.1
Project("{FAE04EC0-301F-11D3-BF4B-00C04F79EFBC}") = "eCommerce.Contracts", "eCommerce.Contracts\eCommerce.Contracts.csproj", "{A7F1D0A7-AC80-46A9-90B0-D3AEB5638E80}"
EndProject
Project("{FAE04EC0-301F-11D3-BF4B-00C04F79EFBC}") = "eCommerce.Model", "eCommerce.Model\eCommerce.Model.csproj", "{A713C1A2-96EC-4FB4-AD9E-701E7D2C0C03}"
EndProject
Project("{FAE04EC0-301F-11D3-BF4B-00C04F79EFBC}") = "eCommerce.DAL", "eCommerce.DAL\eCommerce.DAL.csproj", "{2A498DEF-C174-4725-B635-5CF7FF1BCB92}"
EndProject
Project("{FAE04EC0-301F-11D3-BF4B-00C04F79EFBC}") = "eCommerce.WebUI", "eCommerce.WebUI\eCommerce.WebUI.csproj", "{24D9C727-D9BE-4629-B8CC-D26CE3D01367}"
EndProject
Global
	GlobalSection(SolutionConfigurationPlatforms) = preSolution
		Debug|Any CPU = Debug|Any CPU
		Release|Any CPU = Release|Any CPU
	EndGlobalSection
	GlobalSection(ProjectConfigurationPlatforms) = postSolution
		{A7F1D0A7-AC80-46A9-90B0-D3AEB5638E80}.Debug|Any CPU.ActiveCfg = Debug|Any CPU
		{A7F1D0A7-AC80-46A9-90B0-D3AEB5638E80}.Debug|Any CPU.Build.0 = Debug|Any CPU
		{A7F1D0A7-AC80-46A9-90B0-D3AEB5638E80}.Release|Any CPU.ActiveCfg = Release|Any CPU
		{A7F1D0A7-AC80-46A9-90B0-D3AEB5638E80}.Release|Any CPU.Build.0 = Release|Any CPU
		{A713C1A2-96EC-4FB4-AD9E-701E7D2C0C03}.Debug|Any CPU.ActiveCfg = Debug|Any CPU
		{A713C1A2-96EC-4FB4-AD9E-701E7D2C0C03}.Debug|Any CPU.Build.0 = Debug|Any CPU
		{A713C1A2-96EC-4FB4-AD9E-701E7D2C0C03}.Release|Any CPU.ActiveCfg = Release|Any CPU
		{A713C1A2-96EC-4FB4-AD9E-701E7D2C0C03}.Release|Any CPU.Build.0 = Release|Any CPU
		{2A498DEF-C174-4725-B635-5CF7FF1BCB92}.Debug|Any CPU.ActiveCfg = Debug|Any CPU
		{2A498DEF-C174-4725-B635-5CF7FF1BCB92}.Debug|Any CPU.Build.0 = Debug|Any CPU
		{2A498DEF-C174-4725-B635-5CF7FF1BCB92}.Release|Any CPU.ActiveCfg = Release|Any CPU
		{2A498DEF-C174-4725-B635-5CF7FF1BCB92}.Release|Any CPU.Build.0 = Release|Any CPU
		{24D9C727-D9BE-4629-B8CC-D26CE3D01367}.Debug|Any CPU.ActiveCfg = Debug|Any CPU
		{24D9C727-D9BE-4629-B8CC-D26CE3D01367}.Debug|Any CPU.Build.0 = Debug|Any CPU
		{24D9C727-D9BE-4629-B8CC-D26CE3D01367}.Release|Any CPU.ActiveCfg = Release|Any CPU
		{24D9C727-D9BE-4629-B8CC-D26CE3D01367}.Release|Any CPU.Build.0 = Release|Any CPU
	EndGlobalSection
	GlobalSection(SolutionProperties) = preSolution
		HideSolutionNode = FALSE
	EndGlobalSection
EndGlobal
